
Microsoft Visual Studio Solution File, Format Version 12.00
# Visual Studio Version 16
VisualStudioVersion = 16.0.30717.126
MinimumVisualStudioVersion = 10.0.40219.1
Project("{FAE04EC0-301F-11D3-BF4B-00C04F79EFBC}") = "ConsoleApp2", "ConsoleApp2\ConsoleApp2.csproj", "{BE7FA9DD-50D0-4ED9-A4B8-875166F313FE}"
EndProject
Project("{FAE04EC0-301F-11D3-BF4B-00C04F79EFBC}") = "staticMembers", "staticMembers\staticMembers.csproj", "{D9D0F288-7CC5-4DE3-835E-553434AA0B40}"
EndProject
Project("{FAE04EC0-301F-11D3-BF4B-00C04F79EFBC}") = "Inheritance", "Inheritance\Inheritance.csproj", "{96629075-C373-415A-A4AF-8B67C0684442}"
EndProject
Project("{FAE04EC0-301F-11D3-BF4B-00C04F79EFBC}") = "AccessSpecifiers", "AccessSpecifiers\AccessSpecifiers.csproj", "{1D0E759B-D765-4ED8-B501-6F884FDCCCB6}"
EndProject
Project("{FAE04EC0-301F-11D3-BF4B-00C04F79EFBC}") = "Assignment1", "Assignment1\Assignment1.csproj", "{B1993DF5-3E65-4219-A3DF-7AB1BF1845F8}"
EndProject
Global
	GlobalSection(SolutionConfigurationPlatforms) = preSolution
		Debug|Any CPU = Debug|Any CPU
		Release|Any CPU = Release|Any CPU
	EndGlobalSection
	GlobalSection(ProjectConfigurationPlatforms) = postSolution
		{BE7FA9DD-50D0-4ED9-A4B8-875166F313FE}.Debug|Any CPU.ActiveCfg = Debug|Any CPU
		{BE7FA9DD-50D0-4ED9-A4B8-875166F313FE}.Debug|Any CPU.Build.0 = Debug|Any CPU
		{BE7FA9DD-50D0-4ED9-A4B8-875166F313FE}.Release|Any CPU.ActiveCfg = Release|Any CPU
		{BE7FA9DD-50D0-4ED9-A4B8-875166F313FE}.Release|Any CPU.Build.0 = Release|Any CPU
		{D9D0F288-7CC5-4DE3-835E-553434AA0B40}.Debug|Any CPU.ActiveCfg = Debug|Any CPU
		{D9D0F288-7CC5-4DE3-835E-553434AA0B40}.Debug|Any CPU.Build.0 = Debug|Any CPU
		{D9D0F288-7CC5-4DE3-835E-553434AA0B40}.Release|Any CPU.ActiveCfg = Release|Any CPU
		{D9D0F288-7CC5-4DE3-835E-553434AA0B40}.Release|Any CPU.Build.0 = Release|Any CPU
		{96629075-C373-415A-A4AF-8B67C0684442}.Debug|Any CPU.ActiveCfg = Debug|Any CPU
		{96629075-C373-415A-A4AF-8B67C0684442}.Debug|Any CPU.Build.0 = Debug|Any CPU
		{96629075-C373-415A-A4AF-8B67C0684442}.Release|Any CPU.ActiveCfg = Release|Any CPU
		{96629075-C373-415A-A4AF-8B67C0684442}.Release|Any CPU.Build.0 = Release|Any CPU
		{1D0E759B-D765-4ED8-B501-6F884FDCCCB6}.Debug|Any CPU.ActiveCfg = Debug|Any CPU
		{1D0E759B-D765-4ED8-B501-6F884FDCCCB6}.Debug|Any CPU.Build.0 = Debug|Any CPU
		{1D0E759B-D765-4ED8-B501-6F884FDCCCB6}.Release|Any CPU.ActiveCfg = Release|Any CPU
		{1D0E759B-D765-4ED8-B501-6F884FDCCCB6}.Release|Any CPU.Build.0 = Release|Any CPU
		{B1993DF5-3E65-4219-A3DF-7AB1BF1845F8}.Debug|Any CPU.ActiveCfg = Debug|Any CPU
		{B1993DF5-3E65-4219-A3DF-7AB1BF1845F8}.Debug|Any CPU.Build.0 = Debug|Any CPU
		{B1993DF5-3E65-4219-A3DF-7AB1BF1845F8}.Release|Any CPU.ActiveCfg = Release|Any CPU
		{B1993DF5-3E65-4219-A3DF-7AB1BF1845F8}.Release|Any CPU.Build.0 = Release|Any CPU
	EndGlobalSection
	GlobalSection(SolutionProperties) = preSolution
		HideSolutionNode = FALSE
	EndGlobalSection
	GlobalSection(ExtensibilityGlobals) = postSolution
		SolutionGuid = {82595F44-8BFC-4497-8C84-DE65F371816C}
	EndGlobalSection
EndGlobal
