
Microsoft Visual Studio Solution File, Format Version 12.00
# Visual Studio Version 16
VisualStudioVersion = 16.0.30717.126
MinimumVisualStudioVersion = 10.0.40219.1
Project("{FAE04EC0-301F-11D3-BF4B-00C04F79EFBC}") = "BasicClassConcept", "BasicClassConcept\BasicClassConcept.csproj", "{75C3B5A2-2660-4ADE-93A3-700EC13E454D}"
EndProject
Project("{FAE04EC0-301F-11D3-BF4B-00C04F79EFBC}") = "ConsoleAppOverloading", "ConsoleAppOverloading\ConsoleAppOverloading.csproj", "{FE65D4DE-C4B3-4842-963C-9A651FC7B0BD}"
EndProject
Global
	GlobalSection(SolutionConfigurationPlatforms) = preSolution
		Debug|Any CPU = Debug|Any CPU
		Release|Any CPU = Release|Any CPU
	EndGlobalSection
	GlobalSection(ProjectConfigurationPlatforms) = postSolution
		{75C3B5A2-2660-4ADE-93A3-700EC13E454D}.Debug|Any CPU.ActiveCfg = Debug|Any CPU
		{75C3B5A2-2660-4ADE-93A3-700EC13E454D}.Debug|Any CPU.Build.0 = Debug|Any CPU
		{75C3B5A2-2660-4ADE-93A3-700EC13E454D}.Release|Any CPU.ActiveCfg = Release|Any CPU
		{75C3B5A2-2660-4ADE-93A3-700EC13E454D}.Release|Any CPU.Build.0 = Release|Any CPU
		{FE65D4DE-C4B3-4842-963C-9A651FC7B0BD}.Debug|Any CPU.ActiveCfg = Debug|Any CPU
		{FE65D4DE-C4B3-4842-963C-9A651FC7B0BD}.Debug|Any CPU.Build.0 = Debug|Any CPU
		{FE65D4DE-C4B3-4842-963C-9A651FC7B0BD}.Release|Any CPU.ActiveCfg = Release|Any CPU
		{FE65D4DE-C4B3-4842-963C-9A651FC7B0BD}.Release|Any CPU.Build.0 = Release|Any CPU
	EndGlobalSection
	GlobalSection(SolutionProperties) = preSolution
		HideSolutionNode = FALSE
	EndGlobalSection
	GlobalSection(ExtensibilityGlobals) = postSolution
		SolutionGuid = {29192577-EEE0-4A0D-B30B-AEA38E95FB3E}
	EndGlobalSection
EndGlobal
